// !$*UTF8*$!
{
	archiveVersion = 1;
	classes = {
	};
	objectVersion = 56;
	objects = {

/* Begin PBXBuildFile section */
		BF8F965E2BEA26940070A9DD /* Location.swift in Sources */ = {isa = PBXBuildFile; fileRef = BF8F965D2BEA26940070A9DD /* Location.swift */; };
		BF8F96612BEA27380070A9DD /* LocationsDataService.swift in Sources */ = {isa = PBXBuildFile; fileRef = BF8F96602BEA27380070A9DD /* LocationsDataService.swift */; };
		BF8F96632BEA2DAD0070A9DD /* LocationView.swift in Sources */ = {isa = PBXBuildFile; fileRef = BF8F96622BEA2DAD0070A9DD /* LocationView.swift */; };
		BFD5A4D42BE9794F003E7B0B /* mapAppSwiftUIApp.swift in Sources */ = {isa = PBXBuildFile; fileRef = BFD5A4D32BE9794F003E7B0B /* mapAppSwiftUIApp.swift */; };
		BFD5A4D62BE9794F003E7B0B /* ContentView.swift in Sources */ = {isa = PBXBuildFile; fileRef = BFD5A4D52BE9794F003E7B0B /* ContentView.swift */; };
		BFD5A4DB2BE97950003E7B0B /* Preview Assets.xcassets in Resources */ = {isa = PBXBuildFile; fileRef = BFD5A4DA2BE97950003E7B0B /* Preview Assets.xcassets */; };
		BFD5A4E52BE979DA003E7B0B /* Assets.xcassets in Resources */ = {isa = PBXBuildFile; fileRef = BFD5A4E42BE979DA003E7B0B /* Assets.xcassets */; };
		BFE9F8C92BEA31F90094CA5C /* LocationViewModel.swift in Sources */ = {isa = PBXBuildFile; fileRef = BFE9F8C82BEA31F90094CA5C /* LocationViewModel.swift */; };
		BFE9F8CB2BEA48700094CA5C /* LocationListView.swift in Sources */ = {isa = PBXBuildFile; fileRef = BFE9F8CA2BEA48700094CA5C /* LocationListView.swift */; };
		BFE9F8CD2BEA80840094CA5C /* LocationPreviewView.swift in Sources */ = {isa = PBXBuildFile; fileRef = BFE9F8CC2BEA80840094CA5C /* LocationPreviewView.swift */; };
		BFE9F8CF2BEBA4570094CA5C /* LocationMapAnnotationView.swift in Sources */ = {isa = PBXBuildFile; fileRef = BFE9F8CE2BEBA4570094CA5C /* LocationMapAnnotationView.swift */; };
		BFE9F8D12BEBB05C0094CA5C /* LocationDetailsView.swift in Sources */ = {isa = PBXBuildFile; fileRef = BFE9F8D02BEBB05C0094CA5C /* LocationDetailsView.swift */; };
/* End PBXBuildFile section */

/* Begin PBXFileReference section */
		BF8F965D2BEA26940070A9DD /* Location.swift */ = {isa = PBXFileReference; lastKnownFileType = sourcecode.swift; path = Location.swift; sourceTree = "<group>"; };
		BF8F96602BEA27380070A9DD /* LocationsDataService.swift */ = {isa = PBXFileReference; fileEncoding = 4; lastKnownFileType = sourcecode.swift; path = LocationsDataService.swift; sourceTree = "<group>"; };
		BF8F96622BEA2DAD0070A9DD /* LocationView.swift */ = {isa = PBXFileReference; lastKnownFileType = sourcecode.swift; path = LocationView.swift; sourceTree = "<group>"; };
		BFD5A4D02BE9794F003E7B0B /* mapAppSwiftUI.app */ = {isa = PBXFileReference; explicitFileType = wrapper.application; includeInIndex = 0; path = mapAppSwiftUI.app; sourceTree = BUILT_PRODUCTS_DIR; };
		BFD5A4D32BE9794F003E7B0B /* mapAppSwiftUIApp.swift */ = {isa = PBXFileReference; lastKnownFileType = sourcecode.swift; path = mapAppSwiftUIApp.swift; sourceTree = "<group>"; };
		BFD5A4D52BE9794F003E7B0B /* ContentView.swift */ = {isa = PBXFileReference; lastKnownFileType = sourcecode.swift; path = ContentView.swift; sourceTree = "<group>"; };
		BFD5A4DA2BE97950003E7B0B /* Preview Assets.xcassets */ = {isa = PBXFileReference; lastKnownFileType = folder.assetcatalog; path = "Preview Assets.xcassets"; sourceTree = "<group>"; };
		BFD5A4E42BE979DA003E7B0B /* Assets.xcassets */ = {isa = PBXFileReference; lastKnownFileType = folder.assetcatalog; path = Assets.xcassets; sourceTree = "<group>"; };
		BFE9F8C82BEA31F90094CA5C /* LocationViewModel.swift */ = {isa = PBXFileReference; lastKnownFileType = sourcecode.swift; path = LocationViewModel.swift; sourceTree = "<group>"; };
		BFE9F8CA2BEA48700094CA5C /* LocationListView.swift */ = {isa = PBXFileReference; lastKnownFileType = sourcecode.swift; path = LocationListView.swift; sourceTree = "<group>"; };
		BFE9F8CC2BEA80840094CA5C /* LocationPreviewView.swift */ = {isa = PBXFileReference; lastKnownFileType = sourcecode.swift; path = LocationPreviewView.swift; sourceTree = "<group>"; };
		BFE9F8CE2BEBA4570094CA5C /* LocationMapAnnotationView.swift */ = {isa = PBXFileReference; lastKnownFileType = sourcecode.swift; path = LocationMapAnnotationView.swift; sourceTree = "<group>"; };
		BFE9F8D02BEBB05C0094CA5C /* LocationDetailsView.swift */ = {isa = PBXFileReference; lastKnownFileType = sourcecode.swift; path = LocationDetailsView.swift; sourceTree = "<group>"; };
/* End PBXFileReference section */

/* Begin PBXFrameworksBuildPhase section */
		BFD5A4CD2BE9794F003E7B0B /* Frameworks */ = {
			isa = PBXFrameworksBuildPhase;
			buildActionMask = 2147483647;
			files = (
			);
			runOnlyForDeploymentPostprocessing = 0;
		};
/* End PBXFrameworksBuildPhase section */

/* Begin PBXGroup section */
		BF8F965F2BEA27220070A9DD /* DataServices */ = {
			isa = PBXGroup;
			children = (
				BF8F96602BEA27380070A9DD /* LocationsDataService.swift */,
			);
			path = DataServices;
			sourceTree = "<group>";
		};
		BFD5A4C72BE9794F003E7B0B = {
			isa = PBXGroup;
			children = (
				BFD5A4D22BE9794F003E7B0B /* mapAppSwiftUI */,
				BFD5A4D12BE9794F003E7B0B /* Products */,
			);
			sourceTree = "<group>";
		};
		BFD5A4D12BE9794F003E7B0B /* Products */ = {
			isa = PBXGroup;
			children = (
				BFD5A4D02BE9794F003E7B0B /* mapAppSwiftUI.app */,
			);
			name = Products;
			sourceTree = "<group>";
		};
		BFD5A4D22BE9794F003E7B0B /* mapAppSwiftUI */ = {
			isa = PBXGroup;
			children = (
				BFD5A4D32BE9794F003E7B0B /* mapAppSwiftUIApp.swift */,
				BFD5A4D52BE9794F003E7B0B /* ContentView.swift */,
				BF8F965F2BEA27220070A9DD /* DataServices */,
				BFD5A4E22BE97962003E7B0B /* Views */,
				BFD5A4E32BE97979003E7B0B /* ViewModels */,
				BFD5A4E12BE97958003E7B0B /* Models */,
				BFD5A4E42BE979DA003E7B0B /* Assets.xcassets */,
				BFD5A4D92BE97950003E7B0B /* Preview Content */,
			);
			path = mapAppSwiftUI;
			sourceTree = "<group>";
		};
		BFD5A4D92BE97950003E7B0B /* Preview Content */ = {
			isa = PBXGroup;
			children = (
				BFD5A4DA2BE97950003E7B0B /* Preview Assets.xcassets */,
			);
			path = "Preview Content";
			sourceTree = "<group>";
		};
		BFD5A4E12BE97958003E7B0B /* Models */ = {
			isa = PBXGroup;
			children = (
				BF8F965D2BEA26940070A9DD /* Location.swift */,
			);
			path = Models;
			sourceTree = "<group>";
		};
		BFD5A4E22BE97962003E7B0B /* Views */ = {
			isa = PBXGroup;
			children = (
				BF8F96622BEA2DAD0070A9DD /* LocationView.swift */,
				BFE9F8CA2BEA48700094CA5C /* LocationListView.swift */,
				BFE9F8CC2BEA80840094CA5C /* LocationPreviewView.swift */,
				BFE9F8CE2BEBA4570094CA5C /* LocationMapAnnotationView.swift */,
				BFE9F8D02BEBB05C0094CA5C /* LocationDetailsView.swift */,
			);
			path = Views;
			sourceTree = "<group>";
		};
		BFD5A4E32BE97979003E7B0B /* ViewModels */ = {
			isa = PBXGroup;
			children = (
				BFE9F8C82BEA31F90094CA5C /* LocationViewModel.swift */,
			);
			path = ViewModels;
			sourceTree = "<group>";
		};
/* End PBXGroup section */

/* Begin PBXNativeTarget section */
		BFD5A4CF2BE9794F003E7B0B /* mapAppSwiftUI */ = {
			isa = PBXNativeTarget;
			buildConfigurationList = BFD5A4DE2BE97950003E7B0B /* Build configuration list for PBXNativeTarget "mapAppSwiftUI" */;
			buildPhases = (
				BFD5A4CC2BE9794F003E7B0B /* Sources */,
				BFD5A4CD2BE9794F003E7B0B /* Frameworks */,
				BFD5A4CE2BE9794F003E7B0B /* Resources */,
			);
			buildRules = (
			);
			dependencies = (
			);
			name = mapAppSwiftUI;
			productName = mapAppSwiftUI;
			productReference = BFD5A4D02BE9794F003E7B0B /* mapAppSwiftUI.app */;
			productType = "com.apple.product-type.application";
		};
/* End PBXNativeTarget section */

/* Begin PBXProject section */
		BFD5A4C82BE9794F003E7B0B /* Project object */ = {
			isa = PBXProject;
			attributes = {
				BuildIndependentTargetsInParallel = 1;
				LastSwiftUpdateCheck = 1530;
				LastUpgradeCheck = 1530;
				TargetAttributes = {
					BFD5A4CF2BE9794F003E7B0B = {
						CreatedOnToolsVersion = 15.3;
					};
				};
			};
			buildConfigurationList = BFD5A4CB2BE9794F003E7B0B /* Build configuration list for PBXProject "mapAppSwiftUI" */;
			compatibilityVersion = "Xcode 14.0";
			developmentRegion = en;
			hasScannedForEncodings = 0;
			knownRegions = (
				en,
				Base,
			);
			mainGroup = BFD5A4C72BE9794F003E7B0B;
			productRefGroup = BFD5A4D12BE9794F003E7B0B /* Products */;
			projectDirPath = "";
			projectRoot = "";
			targets = (
				BFD5A4CF2BE9794F003E7B0B /* mapAppSwiftUI */,
			);
		};
/* End PBXProject section */

/* Begin PBXResourcesBuildPhase section */
		BFD5A4CE2BE9794F003E7B0B /* Resources */ = {
			isa = PBXResourcesBuildPhase;
			buildActionMask = 2147483647;
			files = (
				BFD5A4E52BE979DA003E7B0B /* Assets.xcassets in Resources */,
				BFD5A4DB2BE97950003E7B0B /* Preview Assets.xcassets in Resources */,
			);
			runOnlyForDeploymentPostprocessing = 0;
		};
/* End PBXResourcesBuildPhase section */

/* Begin PBXSourcesBuildPhase section */
		BFD5A4CC2BE9794F003E7B0B /* Sources */ = {
			isa = PBXSourcesBuildPhase;
			buildActionMask = 2147483647;
			files = (
				BFE9F8D12BEBB05C0094CA5C /* LocationDetailsView.swift in Sources */,
				BF8F96612BEA27380070A9DD /* LocationsDataService.swift in Sources */,
				BFE9F8CF2BEBA4570094CA5C /* LocationMapAnnotationView.swift in Sources */,
				BFE9F8C92BEA31F90094CA5C /* LocationViewModel.swift in Sources */,
				BFE9F8CD2BEA80840094CA5C /* LocationPreviewView.swift in Sources */,
				BFD5A4D62BE9794F003E7B0B /* ContentView.swift in Sources */,
				BF8F96632BEA2DAD0070A9DD /* LocationView.swift in Sources */,
				BFE9F8CB2BEA48700094CA5C /* LocationListView.swift in Sources */,
				BF8F965E2BEA26940070A9DD /* Location.swift in Sources */,
				BFD5A4D42BE9794F003E7B0B /* mapAppSwiftUIApp.swift in Sources */,
			);
			runOnlyForDeploymentPostprocessing = 0;
		};
/* End PBXSourcesBuildPhase section */

/* Begin XCBuildConfiguration section */
		BFD5A4DC2BE97950003E7B0B /* Debug */ = {
			isa = XCBuildConfiguration;
			buildSettings = {
				ALWAYS_SEARCH_USER_PATHS = NO;
				ASSETCATALOG_COMPILER_GENERATE_SWIFT_ASSET_SYMBOL_EXTENSIONS = YES;
				CLANG_ANALYZER_NONNULL = YES;
				CLANG_ANALYZER_NUMBER_OBJECT_CONVERSION = YES_AGGRESSIVE;
				CLANG_CXX_LANGUAGE_STANDARD = "gnu++20";
				CLANG_ENABLE_MODULES = YES;
				CLANG_ENABLE_OBJC_ARC = YES;
				CLANG_ENABLE_OBJC_WEAK = YES;
				CLANG_WARN_BLOCK_CAPTURE_AUTORELEASING = YES;
				CLANG_WARN_BOOL_CONVERSION = YES;
				CLANG_WARN_COMMA = YES;
				CLANG_WARN_CONSTANT_CONVERSION = YES;
				CLANG_WARN_DEPRECATED_OBJC_IMPLEMENTATIONS = YES;
				CLANG_WARN_DIRECT_OBJC_ISA_USAGE = YES_ERROR;
				CLANG_WARN_DOCUMENTATION_COMMENTS = YES;
				CLANG_WARN_EMPTY_BODY = YES;
				CLANG_WARN_ENUM_CONVERSION = YES;
				CLANG_WARN_INFINITE_RECURSION = YES;
				CLANG_WARN_INT_CONVERSION = YES;
				CLANG_WARN_NON_LITERAL_NULL_CONVERSION = YES;
				CLANG_WARN_OBJC_IMPLICIT_RETAIN_SELF = YES;
				CLANG_WARN_OBJC_LITERAL_CONVERSION = YES;
				CLANG_WARN_OBJC_ROOT_CLASS = YES_ERROR;
				CLANG_WARN_QUOTED_INCLUDE_IN_FRAMEWORK_HEADER = YES;
				CLANG_WARN_RANGE_LOOP_ANALYSIS = YES;
				CLANG_WARN_STRICT_PROTOTYPES = YES;
				CLANG_WARN_SUSPICIOUS_MOVE = YES;
				CLANG_WARN_UNGUARDED_AVAILABILITY = YES_AGGRESSIVE;
				CLANG_WARN_UNREACHABLE_CODE = YES;
				CLANG_WARN__DUPLICATE_METHOD_MATCH = YES;
				COPY_PHASE_STRIP = NO;
				DEBUG_INFORMATION_FORMAT = dwarf;
				ENABLE_STRICT_OBJC_MSGSEND = YES;
				ENABLE_TESTABILITY = YES;
				ENABLE_USER_SCRIPT_SANDBOXING = YES;
				GCC_C_LANGUAGE_STANDARD = gnu17;
				GCC_DYNAMIC_NO_PIC = NO;
				GCC_NO_COMMON_BLOCKS = YES;
				GCC_OPTIMIZATION_LEVEL = 0;
				GCC_PREPROCESSOR_DEFINITIONS = (
					"DEBUG=1",
					"$(inherited)",
				);
				GCC_WARN_64_TO_32_BIT_CONVERSION = YES;
				GCC_WARN_ABOUT_RETURN_TYPE = YES_ERROR;
				GCC_WARN_UNDECLARED_SELECTOR = YES;
				GCC_WARN_UNINITIALIZED_AUTOS = YES_AGGRESSIVE;
				GCC_WARN_UNUSED_FUNCTION = YES;
				GCC_WARN_UNUSED_VARIABLE = YES;
				IPHONEOS_DEPLOYMENT_TARGET = 17.4;
				LOCALIZATION_PREFERS_STRING_CATALOGS = YES;
				MTL_ENABLE_DEBUG_INFO = INCLUDE_SOURCE;
				MTL_FAST_MATH = YES;
				ONLY_ACTIVE_ARCH = YES;
				SDKROOT = iphoneos;
				SWIFT_ACTIVE_COMPILATION_CONDITIONS = "DEBUG $(inherited)";
				SWIFT_OPTIMIZATION_LEVEL = "-Onone";
			};
			name = Debug;
		};
		BFD5A4DD2BE97950003E7B0B /* Release */ = {
			isa = XCBuildConfiguration;
			buildSettings = {
				ALWAYS_SEARCH_USER_PATHS = NO;
				ASSETCATALOG_COMPILER_GENERATE_SWIFT_ASSET_SYMBOL_EXTENSIONS = YES;
				CLANG_ANALYZER_NONNULL = YES;
				CLANG_ANALYZER_NUMBER_OBJECT_CONVERSION = YES_AGGRESSIVE;
				CLANG_CXX_LANGUAGE_STANDARD = "gnu++20";
				CLANG_ENABLE_MODULES = YES;
				CLANG_ENABLE_OBJC_ARC = YES;
				CLANG_ENABLE_OBJC_WEAK = YES;
				CLANG_WARN_BLOCK_CAPTURE_AUTORELEASING = YES;
				CLANG_WARN_BOOL_CONVERSION = YES;
				CLANG_WARN_COMMA = YES;
				CLANG_WARN_CONSTANT_CONVERSION = YES;
				CLANG_WARN_DEPRECATED_OBJC_IMPLEMENTATIONS = YES;
				CLANG_WARN_DIRECT_OBJC_ISA_USAGE = YES_ERROR;
				CLANG_WARN_DOCUMENTATION_COMMENTS = YES;
				CLANG_WARN_EMPTY_BODY = YES;
				CLANG_WARN_ENUM_CONVERSION = YES;
				CLANG_WARN_INFINITE_RECURSION = YES;
				CLANG_WARN_INT_CONVERSION = YES;
				CLANG_WARN_NON_LITERAL_NULL_CONVERSION = YES;
				CLANG_WARN_OBJC_IMPLICIT_RETAIN_SELF = YES;
				CLANG_WARN_OBJC_LITERAL_CONVERSION = YES;
				CLANG_WARN_OBJC_ROOT_CLASS = YES_ERROR;
				CLANG_WARN_QUOTED_INCLUDE_IN_FRAMEWORK_HEADER = YES;
				CLANG_WARN_RANGE_LOOP_ANALYSIS = YES;
				CLANG_WARN_STRICT_PROTOTYPES = YES;
				CLANG_WARN_SUSPICIOUS_MOVE = YES;
				CLANG_WARN_UNGUARDED_AVAILABILITY = YES_AGGRESSIVE;
				CLANG_WARN_UNREACHABLE_CODE = YES;
				CLANG_WARN__DUPLICATE_METHOD_MATCH = YES;
				COPY_PHASE_STRIP = NO;
				DEBUG_INFORMATION_FORMAT = "dwarf-with-dsym";
				ENABLE_NS_ASSERTIONS = NO;
				ENABLE_STRICT_OBJC_MSGSEND = YES;
				ENABLE_USER_SCRIPT_SANDBOXING = YES;
				GCC_C_LANGUAGE_STANDARD = gnu17;
				GCC_NO_COMMON_BLOCKS = YES;
				GCC_WARN_64_TO_32_BIT_CONVERSION = YES;
				GCC_WARN_ABOUT_RETURN_TYPE = YES_ERROR;
				GCC_WARN_UNDECLARED_SELECTOR = YES;
				GCC_WARN_UNINITIALIZED_AUTOS = YES_AGGRESSIVE;
				GCC_WARN_UNUSED_FUNCTION = YES;
				GCC_WARN_UNUSED_VARIABLE = YES;
				IPHONEOS_DEPLOYMENT_TARGET = 17.4;
				LOCALIZATION_PREFERS_STRING_CATALOGS = YES;
				MTL_ENABLE_DEBUG_INFO = NO;
				MTL_FAST_MATH = YES;
				SDKROOT = iphoneos;
				SWIFT_COMPILATION_MODE = wholemodule;
				VALIDATE_PRODUCT = YES;
			};
			name = Release;
		};
		BFD5A4DF2BE97950003E7B0B /* Debug */ = {
			isa = XCBuildConfiguration;
			buildSettings = {
				ASSETCATALOG_COMPILER_APPICON_NAME = AppIcon;
				ASSETCATALOG_COMPILER_GLOBAL_ACCENT_COLOR_NAME = AccentColor;
				CODE_SIGN_STYLE = Automatic;
				CURRENT_PROJECT_VERSION = 1;
				DEVELOPMENT_ASSET_PATHS = "\"mapAppSwiftUI/Preview Content\"";
				DEVELOPMENT_TEAM = SM437JQVPZ;
				ENABLE_PREVIEWS = YES;
				GENERATE_INFOPLIST_FILE = YES;
				INFOPLIST_KEY_UIApplicationSceneManifest_Generation = YES;
				INFOPLIST_KEY_UIApplicationSupportsIndirectInputEvents = YES;
				INFOPLIST_KEY_UILaunchScreen_Generation = YES;
				INFOPLIST_KEY_UISupportedInterfaceOrientations_iPad = "UIInterfaceOrientationPortrait UIInterfaceOrientationPortraitUpsideDown UIInterfaceOrientationLandscapeLeft UIInterfaceOrientationLandscapeRight";
				INFOPLIST_KEY_UISupportedInterfaceOrientations_iPhone = "UIInterfaceOrientationPortrait UIInterfaceOrientationLandscapeLeft UIInterfaceOrientationLandscapeRight";
				LD_RUNPATH_SEARCH_PATHS = (
					"$(inherited)",
					"@executable_path/Frameworks",
				);
				MARKETING_VERSION = 1.0;
				PRODUCT_BUNDLE_IDENTIFIER = com.oguzhanabuhanoglu.mapAppSwiftUI;
				PRODUCT_NAME = "$(TARGET_NAME)";
				SWIFT_EMIT_LOC_STRINGS = YES;
				SWIFT_VERSION = 5.0;
				TARGETED_DEVICE_FAMILY = "1,2";
			};
			name = Debug;
		};
		BFD5A4E02BE97950003E7B0B /* Release */ = {
			isa = XCBuildConfiguration;
			buildSettings = {
				ASSETCATALOG_COMPILER_APPICON_NAME = AppIcon;
				ASSETCATALOG_COMPILER_GLOBAL_ACCENT_COLOR_NAME = AccentColor;
				CODE_SIGN_STYLE = Automatic;
				CURRENT_PROJECT_VERSION = 1;
				DEVELOPMENT_ASSET_PATHS = "\"mapAppSwiftUI/Preview Content\"";
				DEVELOPMENT_TEAM = SM437JQVPZ;
				ENABLE_PREVIEWS = YES;
				GENERATE_INFOPLIST_FILE = YES;
				INFOPLIST_KEY_UIApplicationSceneManifest_Generation = YES;
				INFOPLIST_KEY_UIApplicationSupportsIndirectInputEvents = YES;
				INFOPLIST_KEY_UILaunchScreen_Generation = YES;
				INFOPLIST_KEY_UISupportedInterfaceOrientations_iPad = "UIInterfaceOrientationPortrait UIInterfaceOrientationPortraitUpsideDown UIInterfaceOrientationLandscapeLeft UIInterfaceOrientationLandscapeRight";
				INFOPLIST_KEY_UISupportedInterfaceOrientations_iPhone = "UIInterfaceOrientationPortrait UIInterfaceOrientationLandscapeLeft UIInterfaceOrientationLandscapeRight";
				LD_RUNPATH_SEARCH_PATHS = (
					"$(inherited)",
					"@executable_path/Frameworks",
				);
				MARKETING_VERSION = 1.0;
				PRODUCT_BUNDLE_IDENTIFIER = com.oguzhanabuhanoglu.mapAppSwiftUI;
				PRODUCT_NAME = "$(TARGET_NAME)";
				SWIFT_EMIT_LOC_STRINGS = YES;
				SWIFT_VERSION = 5.0;
				TARGETED_DEVICE_FAMILY = "1,2";
			};
			name = Release;
		};
/* End XCBuildConfiguration section */

/* Begin XCConfigurationList section */
		BFD5A4CB2BE9794F003E7B0B /* Build configuration list for PBXProject "mapAppSwiftUI" */ = {
			isa = XCConfigurationList;
			buildConfigurations = (
				BFD5A4DC2BE97950003E7B0B /* Debug */,
				BFD5A4DD2BE97950003E7B0B /* Release */,
			);
			defaultConfigurationIsVisible = 0;
			defaultConfigurationName = Release;
		};
		BFD5A4DE2BE97950003E7B0B /* Build configuration list for PBXNativeTarget "mapAppSwiftUI" */ = {
			isa = XCConfigurationList;
			buildConfigurations = (
				BFD5A4DF2BE97950003E7B0B /* Debug */,
				BFD5A4E02BE97950003E7B0B /* Release */,
			);
			defaultConfigurationIsVisible = 0;
			defaultConfigurationName = Release;
		};
/* End XCConfigurationList section */
	};
	rootObject = BFD5A4C82BE9794F003E7B0B /* Project object */;
}
